{
  "name": "github.com~firephp~firephp-for-firefox-devtools",
  "version": "1.0.0",
  "lockfileVersion": 1,
  "requires": true,
  "dependencies": {
    "bash.origin.workspace": {
      "version": "0.2.71",
      "resolved": "https://registry.npmjs.org/bash.origin.workspace/-/bash.origin.workspace-0.2.71.tgz",
      "integrity": "sha512-k3sdw9MJC/LQo8nge7D+o0JixFkwU1YfSHoOgDNegd72xjdNmCxTc+PxdgPRK6rhwVzxsQT6lz1PQFgkPGKb9A==",
      "dev": true,
      "requires": {
        "bash.origin": "0.1.89"
      },
      "dependencies": {
        "bash.origin": {
          "version": "0.1.89",
          "resolved": "https://registry.npmjs.org/bash.origin/-/bash.origin-0.1.89.tgz",
          "integrity": "sha512-USynxrrCuUCjDi60LYFGJA6oBEYFCdmEb0GByWZQbrut5Rqb2MT6dYLFGz2Gw34z0vjl59FykSXF/nV+ZfogQw==",
          "dev": true
        }
      }
    },
    "eventemitter2": {
      "version": "4.1.2",
      "resolved": "https://registry.npmjs.org/eventemitter2/-/eventemitter2-4.1.2.tgz",
      "integrity": "sha1-DhqEd6+CGm7zmVsxG/dMI6UkfxU=",
      "dev": true
    },
    "fireconsole.rep.js": {
      "version": "0.0.10",
      "resolved": "https://registry.npmjs.org/fireconsole.rep.js/-/fireconsole.rep.js-0.0.10.tgz",
      "integrity": "sha512-kFsQWUattpAO86SD2AViBCntKplF8d4A3AM38uI1ExKBSEFEsMfirZpHo3hIhSTc56mRl4upzjnSTcYWatEFDA==",
      "dev": true
    },
    "fp-modules-for-nodejs": {
      "version": "0.2.2",
      "resolved": "https://registry.npmjs.org/fp-modules-for-nodejs/-/fp-modules-for-nodejs-0.2.2.tgz",
      "integrity": "sha1-MtLpgNLZMf6jm0Ictaq81B0OPG4=",
      "dev": true,
      "requires": {
        "q": "1.1.2"
      }
    },
    "q": {
      "version": "1.1.2",
      "resolved": "https://registry.npmjs.org/q/-/q-1.1.2.tgz",
      "integrity": "sha1-Y1fikSBnAdmfGXq4TlforRlvKok=",
      "dev": true
    },
    "wildfire-for-js": {
      "version": "0.1.3",
      "resolved": "https://registry.npmjs.org/wildfire-for-js/-/wildfire-for-js-0.1.3.tgz",
      "integrity": "sha1-ehzfyyaAe6cALLPihS3aAK9KL4Q=",
      "dev": true,
      "requires": {
        "fp-modules-for-nodejs": "0.2.2"
      }
    }
  }
}
