{
  "name": "github.com~firephp~firephp-for-firefox-devtools",
  "version": "1.0.0",
  "lockfileVersion": 1,
  "requires": true,
  "dependencies": {
    "bash.origin.workspace": {
      "version": "0.2.77",
      "resolved": "https://registry.npmjs.org/bash.origin.workspace/-/bash.origin.workspace-0.2.77.tgz",
      "integrity": "sha512-dAEe4LiISIrqoBM9/VVHOdxbwB01c2+4m76owN5WhljEVKW2Qpxe099nArYDVFZgvqdGn6HKoMW7ucxmsWYW/g==",
      "dev": true,
      "requires": {
        "bash.origin": "0.1.90"
      },
      "dependencies": {
        "bash.origin": {
          "version": "0.1.90",
          "resolved": "https://registry.npmjs.org/bash.origin/-/bash.origin-0.1.90.tgz",
          "integrity": "sha512-mXkQlOOwIxqsHrpy9rws/HY8h2qVZyvlL9Qu9bAZWNwwrKS+vmc+axKK1lTN/BChSIile9M2zM9PQcPIACDKfg==",
          "dev": true
        }
      }
    },
    "eventemitter2": {
      "version": "4.1.2",
      "resolved": "https://registry.npmjs.org/eventemitter2/-/eventemitter2-4.1.2.tgz",
      "integrity": "sha1-DhqEd6+CGm7zmVsxG/dMI6UkfxU=",
      "dev": true
    },
    "fireconsole.rep.js": {
      "version": "0.0.13",
      "resolved": "https://registry.npmjs.org/fireconsole.rep.js/-/fireconsole.rep.js-0.0.13.tgz",
      "integrity": "sha512-tD8ImFhgdBPGh0qUzn52wp1QblT5Dgrm6iGpdsJVRUJPhKyeBpUAFFjxVZWAXaY/k8nn0IiUtuJwu+vbMU4Bbw==",
      "dev": true
    },
    "fp-modules-for-nodejs": {
      "version": "0.2.2",
      "resolved": "https://registry.npmjs.org/fp-modules-for-nodejs/-/fp-modules-for-nodejs-0.2.2.tgz",
      "integrity": "sha1-MtLpgNLZMf6jm0Ictaq81B0OPG4=",
      "dev": true,
      "requires": {
        "q": "1.1.2"
      }
    },
    "q": {
      "version": "1.1.2",
      "resolved": "https://registry.npmjs.org/q/-/q-1.1.2.tgz",
      "integrity": "sha1-Y1fikSBnAdmfGXq4TlforRlvKok=",
      "dev": true
    },
    "wildfire-for-js": {
      "version": "0.1.3",
      "resolved": "https://registry.npmjs.org/wildfire-for-js/-/wildfire-for-js-0.1.3.tgz",
      "integrity": "sha1-ehzfyyaAe6cALLPihS3aAK9KL4Q=",
      "dev": true,
      "requires": {
        "fp-modules-for-nodejs": "0.2.2"
      }
    }
  }
}
