{
  "name": "github.com~firephp~firephp-for-firefox-devtools",
  "version": "1.0.0",
  "lockfileVersion": 1,
  "requires": true,
  "dependencies": {
    "bash.origin.workspace": {
      "version": "0.2.22",
      "resolved": "https://registry.npmjs.org/bash.origin.workspace/-/bash.origin.workspace-0.2.22.tgz",
      "integrity": "sha512-96IKxpRWIgPZla2qOIj0RZOzLn7cREioYodE0ecNobmhl9AnVo3nACAr+MSdqrNivN8CZjMgzonEIG3h9hTyqg==",
      "dev": true,
      "requires": {
        "bash.origin": "0.1.74"
      },
      "dependencies": {
        "bash.origin": {
          "version": "0.1.74",
          "resolved": "https://registry.npmjs.org/bash.origin/-/bash.origin-0.1.74.tgz",
          "integrity": "sha1-2JlkTrIRSfDCuOrZSV1NE/FUnC8=",
          "dev": true
        }
      }
    },
    "domplate": {
      "version": "0.2.1",
      "resolved": "https://registry.npmjs.org/domplate/-/domplate-0.2.1.tgz",
      "integrity": "sha1-l7Ij6j2iofjHcvmJt336cIpc/rw=",
      "dev": true
    },
    "eventemitter2": {
      "version": "4.1.2",
      "resolved": "https://registry.npmjs.org/eventemitter2/-/eventemitter2-4.1.2.tgz",
      "integrity": "sha1-DhqEd6+CGm7zmVsxG/dMI6UkfxU=",
      "dev": true
    },
    "fireconsole.rep.js": {
      "version": "0.0.7",
      "resolved": "https://registry.npmjs.org/fireconsole.rep.js/-/fireconsole.rep.js-0.0.7.tgz",
      "integrity": "sha512-gOzd2IyQcU+xdxzj4k87CY15a/Ohvdon+DKjuAaRgVukmJ5aSfnV4pxM54kOJEiLCRkgCIBFmrWSXqmN4A4fHQ==",
      "dev": true,
      "requires": {
        "insight.renderers.default": "0.0.3"
      }
    },
    "fp-modules-for-nodejs": {
      "version": "0.2.2",
      "resolved": "https://registry.npmjs.org/fp-modules-for-nodejs/-/fp-modules-for-nodejs-0.2.2.tgz",
      "integrity": "sha1-MtLpgNLZMf6jm0Ictaq81B0OPG4=",
      "dev": true,
      "requires": {
        "q": "1.1.2"
      }
    },
    "insight.renderers.default": {
      "version": "0.0.3",
      "resolved": "https://registry.npmjs.org/insight.renderers.default/-/insight.renderers.default-0.0.3.tgz",
      "integrity": "sha1-erJebiGh6g3v2J6HhhKNaUa55+Q=",
      "dev": true,
      "requires": {
        "domplate": "0.2.1"
      }
    },
    "q": {
      "version": "1.1.2",
      "resolved": "https://registry.npmjs.org/q/-/q-1.1.2.tgz",
      "integrity": "sha1-Y1fikSBnAdmfGXq4TlforRlvKok=",
      "dev": true
    },
    "wildfire-for-js": {
      "version": "0.1.3",
      "resolved": "https://registry.npmjs.org/wildfire-for-js/-/wildfire-for-js-0.1.3.tgz",
      "integrity": "sha1-ehzfyyaAe6cALLPihS3aAK9KL4Q=",
      "dev": true,
      "requires": {
        "fp-modules-for-nodejs": "0.2.2"
      }
    }
  }
}
